
Microsoft Visual Studio Solution File, Format Version 12.00
# Visual Studio Version 17
VisualStudioVersion = 17.10.35122.118
MinimumVisualStudioVersion = 10.0.40219.1
Project("{9A19103F-16F7-4668-BE54-9A1E7A4F7556}") = "EmployeAPI", "deneme1\EmployeAPI.csproj", "{AAE7DC70-5F8B-4C50-B803-3F8A89EBB529}"
EndProject
Global
	GlobalSection(SolutionConfigurationPlatforms) = preSolution
		Debug|Any CPU = Debug|Any CPU
		Release|Any CPU = Release|Any CPU
	EndGlobalSection
	GlobalSection(ProjectConfigurationPlatforms) = postSolution
		{AAE7DC70-5F8B-4C50-B803-3F8A89EBB529}.Debug|Any CPU.ActiveCfg = Debug|Any CPU
		{AAE7DC70-5F8B-4C50-B803-3F8A89EBB529}.Debug|Any CPU.Build.0 = Debug|Any CPU
		{AAE7DC70-5F8B-4C50-B803-3F8A89EBB529}.Release|Any CPU.ActiveCfg = Release|Any CPU
		{AAE7DC70-5F8B-4C50-B803-3F8A89EBB529}.Release|Any CPU.Build.0 = Release|Any CPU
	EndGlobalSection
	GlobalSection(SolutionProperties) = preSolution
		HideSolutionNode = FALSE
	EndGlobalSection
	GlobalSection(ExtensibilityGlobals) = postSolution
		SolutionGuid = {0BF8FB81-8644-4E48-BB24-8A06145D0772}
	EndGlobalSection
EndGlobal
